
Microsoft Visual Studio Solution File, Format Version 12.00
# Visual Studio Version 16
VisualStudioVersion = 16.0.29102.190
MinimumVisualStudioVersion = 10.0.40219.1
Project("{FAE04EC0-301F-11D3-BF4B-00C04F79EFBC}") = "Calc1", "Calc1\Calc1.csproj", "{2C328BB6-32E8-4142-B11D-7195B65AE123}"
EndProject
Global
	GlobalSection(SolutionConfigurationPlatforms) = preSolution
		Debug|Any CPU = Debug|Any CPU
		Release|Any CPU = Release|Any CPU
	EndGlobalSection
	GlobalSection(ProjectConfigurationPlatforms) = postSolution
		{2C328BB6-32E8-4142-B11D-7195B65AE123}.Debug|Any CPU.ActiveCfg = Debug|Any CPU
		{2C328BB6-32E8-4142-B11D-7195B65AE123}.Debug|Any CPU.Build.0 = Debug|Any CPU
		{2C328BB6-32E8-4142-B11D-7195B65AE123}.Release|Any CPU.ActiveCfg = Release|Any CPU
		{2C328BB6-32E8-4142-B11D-7195B65AE123}.Release|Any CPU.Build.0 = Release|Any CPU
	EndGlobalSection
	GlobalSection(SolutionProperties) = preSolution
		HideSolutionNode = FALSE
	EndGlobalSection
	GlobalSection(ExtensibilityGlobals) = postSolution
		SolutionGuid = {31BC3FB6-16DE-460B-870F-989DD762183E}
	EndGlobalSection
EndGlobal
